
Microsoft Visual Studio Solution File, Format Version 12.00
# Visual Studio Version 16
VisualStudioVersion = 16.0.29609.76
MinimumVisualStudioVersion = 10.0.40219.1
Project("{FAE04EC0-301F-11D3-BF4B-00C04F79EFBC}") = "ListCollection", "ListCollection\ListCollection.csproj", "{20052D1B-F2DD-481F-8803-AA970F64C3D5}"
EndProject
Project("{FAE04EC0-301F-11D3-BF4B-00C04F79EFBC}") = "ListCollection.Android", "ListCollection.Android\ListCollection.Android.csproj", "{9967CBA0-799E-4C47-80AF-6573D192F197}"
EndProject
Global
	GlobalSection(SolutionConfigurationPlatforms) = preSolution
		Debug|Any CPU = Debug|Any CPU
		Release|Any CPU = Release|Any CPU
	EndGlobalSection
	GlobalSection(ProjectConfigurationPlatforms) = postSolution
		{20052D1B-F2DD-481F-8803-AA970F64C3D5}.Debug|Any CPU.ActiveCfg = Debug|Any CPU
		{20052D1B-F2DD-481F-8803-AA970F64C3D5}.Debug|Any CPU.Build.0 = Debug|Any CPU
		{20052D1B-F2DD-481F-8803-AA970F64C3D5}.Release|Any CPU.ActiveCfg = Release|Any CPU
		{20052D1B-F2DD-481F-8803-AA970F64C3D5}.Release|Any CPU.Build.0 = Release|Any CPU
		{9967CBA0-799E-4C47-80AF-6573D192F197}.Debug|Any CPU.ActiveCfg = Debug|Any CPU
		{9967CBA0-799E-4C47-80AF-6573D192F197}.Debug|Any CPU.Build.0 = Debug|Any CPU
		{9967CBA0-799E-4C47-80AF-6573D192F197}.Debug|Any CPU.Deploy.0 = Debug|Any CPU
		{9967CBA0-799E-4C47-80AF-6573D192F197}.Release|Any CPU.ActiveCfg = Release|Any CPU
		{9967CBA0-799E-4C47-80AF-6573D192F197}.Release|Any CPU.Build.0 = Release|Any CPU
		{9967CBA0-799E-4C47-80AF-6573D192F197}.Release|Any CPU.Deploy.0 = Release|Any CPU
	EndGlobalSection
	GlobalSection(SolutionProperties) = preSolution
		HideSolutionNode = FALSE
	EndGlobalSection
	GlobalSection(ExtensibilityGlobals) = postSolution
		SolutionGuid = {768A2868-11BD-47EA-9485-40F455EF6701}
	EndGlobalSection
EndGlobal
